
Microsoft Visual Studio Solution File, Format Version 12.00
# Visual Studio 2013
VisualStudioVersion = 12.0.31101.0
MinimumVisualStudioVersion = 10.0.40219.1
Project("{2150E333-8FDC-42A3-9474-1A3956D46DE8}") = "ResourcesForTest", "ResourcesForTest", "{1C691DB0-AEF0-4E76-8E01-C501D6C06F54}"
	ProjectSection(SolutionItems) = preProject
		..\..\_TestFiles\test.txt = ..\..\_TestFiles\test.txt
	EndProjectSection
EndProject
Project("{FAE04EC0-301F-11D3-BF4B-00C04F79EFBC}") = "ResourceEmbedder.MsBuild", "..\modules\ResourceEmbedder.MsBuild\ResourceEmbedder.MsBuild\ResourceEmbedder.MsBuild.csproj", "{0FC40C6F-86CC-4F64-B950-3E7D9ECB8737}"
EndProject
Project("{FAE04EC0-301F-11D3-BF4B-00C04F79EFBC}") = "ResourceEmbedder.Core", "..\modules\ResourceEmbedder.Core\ResourceEmbedder.Core\ResourceEmbedder.Core.csproj", "{61353C81-2537-47AF-855B-21BBDDD2EEC2}"
EndProject
Project("{FAE04EC0-301F-11D3-BF4B-00C04F79EFBC}") = "Modules.TestHelper", "..\modules\Modules.TestHelper\Modules.TestHelper\Modules.TestHelper.csproj", "{A5789ED8-C4B9-4542-A5F3-A12FD986B462}"
EndProject
Project("{FAE04EC0-301F-11D3-BF4B-00C04F79EFBC}") = "ResourceEmbedder.Core.Tests", "..\modules\ResourceEmbedder.Core\ResourceEmbedder.Core.Tests\ResourceEmbedder.Core.Tests.csproj", "{CDF10612-CCDB-4DC2-8CAA-AA7100651CA1}"
EndProject
Project("{FAE04EC0-301F-11D3-BF4B-00C04F79EFBC}") = "ConsoleTest", "..\testmodules\ConsoleTest\ConsoleTest.csproj", "{ACFE7BC5-CC1E-4C54-8767-888F8CD2EB3B}"
EndProject
Project("{FAE04EC0-301F-11D3-BF4B-00C04F79EFBC}") = "WpfTest", "..\testmodules\WpfTest\WpfTest.csproj", "{B5ACCC42-1EAB-4A93-8C16-0DC078FAB378}"
EndProject
Project("{2150E333-8FDC-42A3-9474-1A3956D46DE8}") = "TestAssemblies", "TestAssemblies", "{AC3E0FC9-18A1-46F7-80E3-5E785D0E9DA3}"
EndProject
Project("{2150E333-8FDC-42A3-9474-1A3956D46DE8}") = "Modules", "Modules", "{387AC5B5-8C38-4432-845F-0668AD7FC9CE}"
EndProject
Project("{2150E333-8FDC-42A3-9474-1A3956D46DE8}") = "CommandLine", "CommandLine", "{8421B971-523E-4376-8146-2D4155671EAD}"
EndProject
Project("{2150E333-8FDC-42A3-9474-1A3956D46DE8}") = "MSBuild", "MSBuild", "{47859C5F-EEFA-4E5E-ADDF-D0C47C15D72F}"
EndProject
Project("{FAE04EC0-301F-11D3-BF4B-00C04F79EFBC}") = "ResourceEmbedder", "..\modules\ResourceEmbedder\ResourceEmbedder\ResourceEmbedder.csproj", "{291DC739-6E64-4488-983E-5F343955AEB6}"
EndProject
Project("{FAE04EC0-301F-11D3-BF4B-00C04F79EFBC}") = "ResourceEmbedder.Tests", "..\modules\ResourceEmbedder\ResourceEmbedder.Tests\ResourceEmbedder.Tests.csproj", "{C67A1956-3102-442E-A98E-167475D0F3E5}"
EndProject
Project("{FAE04EC0-301F-11D3-BF4B-00C04F79EFBC}") = "ResourceEmbedder.MsBuild.Tests", "..\modules\ResourceEmbedder.MsBuild\ResourceEmbedder.MsBuild.Tests\ResourceEmbedder.MsBuild.Tests.csproj", "{DD84484B-4536-4181-BC70-8D6A24AD9532}"
EndProject
Project("{FAE04EC0-301F-11D3-BF4B-00C04F79EFBC}") = "NuGet", "..\modules\NuGet\NuGet.csproj", "{EB4D4748-F0EE-4021-9BAD-662D70B89D5D}"
EndProject
Global
	GlobalSection(SolutionConfigurationPlatforms) = preSolution
		Debug|Any CPU = Debug|Any CPU
		Release|Any CPU = Release|Any CPU
	EndGlobalSection
	GlobalSection(ProjectConfigurationPlatforms) = postSolution
		{61353C81-2537-47AF-855B-21BBDDD2EEC2}.Debug|Any CPU.ActiveCfg = Debug|Any CPU
		{61353C81-2537-47AF-855B-21BBDDD2EEC2}.Debug|Any CPU.Build.0 = Debug|Any CPU
		{61353C81-2537-47AF-855B-21BBDDD2EEC2}.Release|Any CPU.ActiveCfg = Release|Any CPU
		{61353C81-2537-47AF-855B-21BBDDD2EEC2}.Release|Any CPU.Build.0 = Release|Any CPU
		{A5789ED8-C4B9-4542-A5F3-A12FD986B462}.Debug|Any CPU.ActiveCfg = Debug|Any CPU
		{A5789ED8-C4B9-4542-A5F3-A12FD986B462}.Debug|Any CPU.Build.0 = Debug|Any CPU
		{A5789ED8-C4B9-4542-A5F3-A12FD986B462}.Release|Any CPU.ActiveCfg = Release|Any CPU
		{A5789ED8-C4B9-4542-A5F3-A12FD986B462}.Release|Any CPU.Build.0 = Release|Any CPU
		{CDF10612-CCDB-4DC2-8CAA-AA7100651CA1}.Debug|Any CPU.ActiveCfg = Debug|Any CPU
		{CDF10612-CCDB-4DC2-8CAA-AA7100651CA1}.Debug|Any CPU.Build.0 = Debug|Any CPU
		{CDF10612-CCDB-4DC2-8CAA-AA7100651CA1}.Release|Any CPU.ActiveCfg = Release|Any CPU
		{CDF10612-CCDB-4DC2-8CAA-AA7100651CA1}.Release|Any CPU.Build.0 = Release|Any CPU
		{ACFE7BC5-CC1E-4C54-8767-888F8CD2EB3B}.Debug|Any CPU.ActiveCfg = Debug|Any CPU
		{ACFE7BC5-CC1E-4C54-8767-888F8CD2EB3B}.Debug|Any CPU.Build.0 = Debug|Any CPU
		{ACFE7BC5-CC1E-4C54-8767-888F8CD2EB3B}.Release|Any CPU.ActiveCfg = Release|Any CPU
		{ACFE7BC5-CC1E-4C54-8767-888F8CD2EB3B}.Release|Any CPU.Build.0 = Release|Any CPU
		{B5ACCC42-1EAB-4A93-8C16-0DC078FAB378}.Debug|Any CPU.ActiveCfg = Debug|Any CPU
		{B5ACCC42-1EAB-4A93-8C16-0DC078FAB378}.Debug|Any CPU.Build.0 = Debug|Any CPU
		{B5ACCC42-1EAB-4A93-8C16-0DC078FAB378}.Release|Any CPU.ActiveCfg = Release|Any CPU
		{B5ACCC42-1EAB-4A93-8C16-0DC078FAB378}.Release|Any CPU.Build.0 = Release|Any CPU
		{0FC40C6F-86CC-4F64-B950-3E7D9ECB8737}.Debug|Any CPU.ActiveCfg = Debug|Any CPU
		{0FC40C6F-86CC-4F64-B950-3E7D9ECB8737}.Debug|Any CPU.Build.0 = Debug|Any CPU
		{0FC40C6F-86CC-4F64-B950-3E7D9ECB8737}.Release|Any CPU.ActiveCfg = Release|Any CPU
		{0FC40C6F-86CC-4F64-B950-3E7D9ECB8737}.Release|Any CPU.Build.0 = Release|Any CPU
		{291DC739-6E64-4488-983E-5F343955AEB6}.Debug|Any CPU.ActiveCfg = Debug|Any CPU
		{291DC739-6E64-4488-983E-5F343955AEB6}.Debug|Any CPU.Build.0 = Debug|Any CPU
		{291DC739-6E64-4488-983E-5F343955AEB6}.Release|Any CPU.ActiveCfg = Release|Any CPU
		{291DC739-6E64-4488-983E-5F343955AEB6}.Release|Any CPU.Build.0 = Release|Any CPU
		{C67A1956-3102-442E-A98E-167475D0F3E5}.Debug|Any CPU.ActiveCfg = Debug|Any CPU
		{C67A1956-3102-442E-A98E-167475D0F3E5}.Debug|Any CPU.Build.0 = Debug|Any CPU
		{C67A1956-3102-442E-A98E-167475D0F3E5}.Release|Any CPU.ActiveCfg = Release|Any CPU
		{C67A1956-3102-442E-A98E-167475D0F3E5}.Release|Any CPU.Build.0 = Release|Any CPU
		{DD84484B-4536-4181-BC70-8D6A24AD9532}.Debug|Any CPU.ActiveCfg = Debug|Any CPU
		{DD84484B-4536-4181-BC70-8D6A24AD9532}.Debug|Any CPU.Build.0 = Debug|Any CPU
		{DD84484B-4536-4181-BC70-8D6A24AD9532}.Release|Any CPU.ActiveCfg = Release|Any CPU
		{DD84484B-4536-4181-BC70-8D6A24AD9532}.Release|Any CPU.Build.0 = Release|Any CPU
		{EB4D4748-F0EE-4021-9BAD-662D70B89D5D}.Debug|Any CPU.ActiveCfg = Debug|Any CPU
		{EB4D4748-F0EE-4021-9BAD-662D70B89D5D}.Debug|Any CPU.Build.0 = Debug|Any CPU
		{EB4D4748-F0EE-4021-9BAD-662D70B89D5D}.Release|Any CPU.ActiveCfg = Release|Any CPU
		{EB4D4748-F0EE-4021-9BAD-662D70B89D5D}.Release|Any CPU.Build.0 = Release|Any CPU
	EndGlobalSection
	GlobalSection(SolutionProperties) = preSolution
		HideSolutionNode = FALSE
	EndGlobalSection
	GlobalSection(NestedProjects) = preSolution
		{61353C81-2537-47AF-855B-21BBDDD2EEC2} = {387AC5B5-8C38-4432-845F-0668AD7FC9CE}
		{A5789ED8-C4B9-4542-A5F3-A12FD986B462} = {387AC5B5-8C38-4432-845F-0668AD7FC9CE}
		{CDF10612-CCDB-4DC2-8CAA-AA7100651CA1} = {387AC5B5-8C38-4432-845F-0668AD7FC9CE}
		{ACFE7BC5-CC1E-4C54-8767-888F8CD2EB3B} = {AC3E0FC9-18A1-46F7-80E3-5E785D0E9DA3}
		{B5ACCC42-1EAB-4A93-8C16-0DC078FAB378} = {AC3E0FC9-18A1-46F7-80E3-5E785D0E9DA3}
		{0FC40C6F-86CC-4F64-B950-3E7D9ECB8737} = {47859C5F-EEFA-4E5E-ADDF-D0C47C15D72F}
		{291DC739-6E64-4488-983E-5F343955AEB6} = {8421B971-523E-4376-8146-2D4155671EAD}
		{C67A1956-3102-442E-A98E-167475D0F3E5} = {8421B971-523E-4376-8146-2D4155671EAD}
		{DD84484B-4536-4181-BC70-8D6A24AD9532} = {47859C5F-EEFA-4E5E-ADDF-D0C47C15D72F}
		{EB4D4748-F0EE-4021-9BAD-662D70B89D5D} = {47859C5F-EEFA-4E5E-ADDF-D0C47C15D72F}
	EndGlobalSection
EndGlobal
